// !$*UTF8*$!
{
	archiveVersion = 1;
	classes = {
	};
	objectVersion = 56;
	objects = {

/* Begin PBXBuildFile section */
		7B5DA9172A152AE100EC3907 /* Extensions.swift in Sources */ = {isa = PBXBuildFile; fileRef = 7B5DA9162A152AE100EC3907 /* Extensions.swift */; };
		7B832F7D2A0CF85600EC3755 /* AppDelegate.swift in Sources */ = {isa = PBXBuildFile; fileRef = 7B832F7C2A0CF85600EC3755 /* AppDelegate.swift */; };
		7B832F812A0CF85600EC3755 /* ViewController.swift in Sources */ = {isa = PBXBuildFile; fileRef = 7B832F802A0CF85600EC3755 /* ViewController.swift */; };
		7B832F862A0CF85800EC3755 /* Assets.xcassets in Resources */ = {isa = PBXBuildFile; fileRef = 7B832F852A0CF85800EC3755 /* Assets.xcassets */; };
		7B832FAD2A0CFA5A00EC3755 /* TitleView.swift in Sources */ = {isa = PBXBuildFile; fileRef = 7B832FAC2A0CFA5A00EC3755 /* TitleView.swift */; };
		7B832FAF2A0D004D00EC3755 /* HeaderView.swift in Sources */ = {isa = PBXBuildFile; fileRef = 7B832FAE2A0D004D00EC3755 /* HeaderView.swift */; };
		7BB1258B2A123C9C00B864A2 /* ProfileView.swift in Sources */ = {isa = PBXBuildFile; fileRef = 7BB1258A2A123C9C00B864A2 /* ProfileView.swift */; };
/* End PBXBuildFile section */

/* Begin PBXContainerItemProxy section */
		7B832F902A0CF85900EC3755 /* PBXContainerItemProxy */ = {
			isa = PBXContainerItemProxy;
			containerPortal = 7B832F712A0CF85600EC3755 /* Project object */;
			proxyType = 1;
			remoteGlobalIDString = 7B832F782A0CF85600EC3755;
			remoteInfo = HeaderView;
		};
		7B832F9A2A0CF85900EC3755 /* PBXContainerItemProxy */ = {
			isa = PBXContainerItemProxy;
			containerPortal = 7B832F712A0CF85600EC3755 /* Project object */;
			proxyType = 1;
			remoteGlobalIDString = 7B832F782A0CF85600EC3755;
			remoteInfo = HeaderView;
		};
/* End PBXContainerItemProxy section */

/* Begin PBXFileReference section */
		7B5DA9162A152AE100EC3907 /* Extensions.swift */ = {isa = PBXFileReference; lastKnownFileType = sourcecode.swift; path = Extensions.swift; sourceTree = "<group>"; };
		7B832F792A0CF85600EC3755 /* HeaderView.app */ = {isa = PBXFileReference; explicitFileType = wrapper.application; includeInIndex = 0; path = HeaderView.app; sourceTree = BUILT_PRODUCTS_DIR; };
		7B832F7C2A0CF85600EC3755 /* AppDelegate.swift */ = {isa = PBXFileReference; lastKnownFileType = sourcecode.swift; path = AppDelegate.swift; sourceTree = "<group>"; };
		7B832F802A0CF85600EC3755 /* ViewController.swift */ = {isa = PBXFileReference; lastKnownFileType = sourcecode.swift; path = ViewController.swift; sourceTree = "<group>"; };
		7B832F852A0CF85800EC3755 /* Assets.xcassets */ = {isa = PBXFileReference; lastKnownFileType = folder.assetcatalog; path = Assets.xcassets; sourceTree = "<group>"; };
		7B832F8A2A0CF85800EC3755 /* Info.plist */ = {isa = PBXFileReference; lastKnownFileType = text.plist.xml; path = Info.plist; sourceTree = "<group>"; };
		7B832F8F2A0CF85900EC3755 /* HeaderViewTests.xctest */ = {isa = PBXFileReference; explicitFileType = wrapper.cfbundle; includeInIndex = 0; path = HeaderViewTests.xctest; sourceTree = BUILT_PRODUCTS_DIR; };
		7B832F992A0CF85900EC3755 /* HeaderViewUITests.xctest */ = {isa = PBXFileReference; explicitFileType = wrapper.cfbundle; includeInIndex = 0; path = HeaderViewUITests.xctest; sourceTree = BUILT_PRODUCTS_DIR; };
		7B832FAC2A0CFA5A00EC3755 /* TitleView.swift */ = {isa = PBXFileReference; lastKnownFileType = sourcecode.swift; path = TitleView.swift; sourceTree = "<group>"; };
		7B832FAE2A0D004D00EC3755 /* HeaderView.swift */ = {isa = PBXFileReference; lastKnownFileType = sourcecode.swift; path = HeaderView.swift; sourceTree = "<group>"; };
		7BB1258A2A123C9C00B864A2 /* ProfileView.swift */ = {isa = PBXFileReference; lastKnownFileType = sourcecode.swift; path = ProfileView.swift; sourceTree = "<group>"; };
/* End PBXFileReference section */

/* Begin PBXFrameworksBuildPhase section */
		7B832F762A0CF85600EC3755 /* Frameworks */ = {
			isa = PBXFrameworksBuildPhase;
			buildActionMask = 2147483647;
			files = (
			);
			runOnlyForDeploymentPostprocessing = 0;
		};
		7B832F8C2A0CF85900EC3755 /* Frameworks */ = {
			isa = PBXFrameworksBuildPhase;
			buildActionMask = 2147483647;
			files = (
			);
			runOnlyForDeploymentPostprocessing = 0;
		};
		7B832F962A0CF85900EC3755 /* Frameworks */ = {
			isa = PBXFrameworksBuildPhase;
			buildActionMask = 2147483647;
			files = (
			);
			runOnlyForDeploymentPostprocessing = 0;
		};
/* End PBXFrameworksBuildPhase section */

/* Begin PBXGroup section */
		7B832F702A0CF85600EC3755 = {
			isa = PBXGroup;
			children = (
				7B832F7B2A0CF85600EC3755 /* HeaderView */,
				7B832F7A2A0CF85600EC3755 /* Products */,
			);
			sourceTree = "<group>";
		};
		7B832F7A2A0CF85600EC3755 /* Products */ = {
			isa = PBXGroup;
			children = (
				7B832F792A0CF85600EC3755 /* HeaderView.app */,
				7B832F8F2A0CF85900EC3755 /* HeaderViewTests.xctest */,
				7B832F992A0CF85900EC3755 /* HeaderViewUITests.xctest */,
			);
			name = Products;
			sourceTree = "<group>";
		};
		7B832F7B2A0CF85600EC3755 /* HeaderView */ = {
			isa = PBXGroup;
			children = (
				7BB1258A2A123C9C00B864A2 /* ProfileView.swift */,
				7B5DA9162A152AE100EC3907 /* Extensions.swift */,
				7B832F7C2A0CF85600EC3755 /* AppDelegate.swift */,
				7B832F802A0CF85600EC3755 /* ViewController.swift */,
				7B832FAC2A0CFA5A00EC3755 /* TitleView.swift */,
				7B832FAE2A0D004D00EC3755 /* HeaderView.swift */,
				7B832F852A0CF85800EC3755 /* Assets.xcassets */,
				7B832F8A2A0CF85800EC3755 /* Info.plist */,
			);
			path = HeaderView;
			sourceTree = "<group>";
		};
/* End PBXGroup section */

/* Begin PBXNativeTarget section */
		7B832F782A0CF85600EC3755 /* HeaderView */ = {
			isa = PBXNativeTarget;
			buildConfigurationList = 7B832FA32A0CF85900EC3755 /* Build configuration list for PBXNativeTarget "HeaderView" */;
			buildPhases = (
				7B832F752A0CF85600EC3755 /* Sources */,
				7B832F762A0CF85600EC3755 /* Frameworks */,
				7B832F772A0CF85600EC3755 /* Resources */,
			);
			buildRules = (
			);
			dependencies = (
			);
			name = HeaderView;
			productName = HeaderView;
			productReference = 7B832F792A0CF85600EC3755 /* HeaderView.app */;
			productType = "com.apple.product-type.application";
		};
		7B832F8E2A0CF85900EC3755 /* HeaderViewTests */ = {
			isa = PBXNativeTarget;
			buildConfigurationList = 7B832FA62A0CF85900EC3755 /* Build configuration list for PBXNativeTarget "HeaderViewTests" */;
			buildPhases = (
				7B832F8B2A0CF85900EC3755 /* Sources */,
				7B832F8C2A0CF85900EC3755 /* Frameworks */,
				7B832F8D2A0CF85900EC3755 /* Resources */,
			);
			buildRules = (
			);
			dependencies = (
				7B832F912A0CF85900EC3755 /* PBXTargetDependency */,
			);
			name = HeaderViewTests;
			productName = HeaderViewTests;
			productReference = 7B832F8F2A0CF85900EC3755 /* HeaderViewTests.xctest */;
			productType = "com.apple.product-type.bundle.unit-test";
		};
		7B832F982A0CF85900EC3755 /* HeaderViewUITests */ = {
			isa = PBXNativeTarget;
			buildConfigurationList = 7B832FA92A0CF85900EC3755 /* Build configuration list for PBXNativeTarget "HeaderViewUITests" */;
			buildPhases = (
				7B832F952A0CF85900EC3755 /* Sources */,
				7B832F962A0CF85900EC3755 /* Frameworks */,
				7B832F972A0CF85900EC3755 /* Resources */,
			);
			buildRules = (
			);
			dependencies = (
				7B832F9B2A0CF85900EC3755 /* PBXTargetDependency */,
			);
			name = HeaderViewUITests;
			productName = HeaderViewUITests;
			productReference = 7B832F992A0CF85900EC3755 /* HeaderViewUITests.xctest */;
			productType = "com.apple.product-type.bundle.ui-testing";
		};
/* End PBXNativeTarget section */

/* Begin PBXProject section */
		7B832F712A0CF85600EC3755 /* Project object */ = {
			isa = PBXProject;
			attributes = {
				BuildIndependentTargetsInParallel = 1;
				LastSwiftUpdateCheck = 1430;
				LastUpgradeCheck = 1430;
				TargetAttributes = {
					7B832F782A0CF85600EC3755 = {
						CreatedOnToolsVersion = 14.3;
					};
					7B832F8E2A0CF85900EC3755 = {
						CreatedOnToolsVersion = 14.3;
						TestTargetID = 7B832F782A0CF85600EC3755;
					};
					7B832F982A0CF85900EC3755 = {
						CreatedOnToolsVersion = 14.3;
						TestTargetID = 7B832F782A0CF85600EC3755;
					};
				};
			};
			buildConfigurationList = 7B832F742A0CF85600EC3755 /* Build configuration list for PBXProject "HeaderView" */;
			compatibilityVersion = "Xcode 14.0";
			developmentRegion = en;
			hasScannedForEncodings = 0;
			knownRegions = (
				en,
				Base,
			);
			mainGroup = 7B832F702A0CF85600EC3755;
			productRefGroup = 7B832F7A2A0CF85600EC3755 /* Products */;
			projectDirPath = "";
			projectRoot = "";
			targets = (
				7B832F782A0CF85600EC3755 /* HeaderView */,
				7B832F8E2A0CF85900EC3755 /* HeaderViewTests */,
				7B832F982A0CF85900EC3755 /* HeaderViewUITests */,
			);
		};
/* End PBXProject section */

/* Begin PBXResourcesBuildPhase section */
		7B832F772A0CF85600EC3755 /* Resources */ = {
			isa = PBXResourcesBuildPhase;
			buildActionMask = 2147483647;
			files = (
				7B832F862A0CF85800EC3755 /* Assets.xcassets in Resources */,
			);
			runOnlyForDeploymentPostprocessing = 0;
		};
		7B832F8D2A0CF85900EC3755 /* Resources */ = {
			isa = PBXResourcesBuildPhase;
			buildActionMask = 2147483647;
			files = (
			);
			runOnlyForDeploymentPostprocessing = 0;
		};
		7B832F972A0CF85900EC3755 /* Resources */ = {
			isa = PBXResourcesBuildPhase;
			buildActionMask = 2147483647;
			files = (
			);
			runOnlyForDeploymentPostprocessing = 0;
		};
/* End PBXResourcesBuildPhase section */

/* Begin PBXSourcesBuildPhase section */
		7B832F752A0CF85600EC3755 /* Sources */ = {
			isa = PBXSourcesBuildPhase;
			buildActionMask = 2147483647;
			files = (
				7B832F812A0CF85600EC3755 /* ViewController.swift in Sources */,
				7B5DA9172A152AE100EC3907 /* Extensions.swift in Sources */,
				7B832F7D2A0CF85600EC3755 /* AppDelegate.swift in Sources */,
				7BB1258B2A123C9C00B864A2 /* ProfileView.swift in Sources */,
				7B832FAD2A0CFA5A00EC3755 /* TitleView.swift in Sources */,
				7B832FAF2A0D004D00EC3755 /* HeaderView.swift in Sources */,
			);
			runOnlyForDeploymentPostprocessing = 0;
		};
		7B832F8B2A0CF85900EC3755 /* Sources */ = {
			isa = PBXSourcesBuildPhase;
			buildActionMask = 2147483647;
			files = (
			);
			runOnlyForDeploymentPostprocessing = 0;
		};
		7B832F952A0CF85900EC3755 /* Sources */ = {
			isa = PBXSourcesBuildPhase;
			buildActionMask = 2147483647;
			files = (
			);
			runOnlyForDeploymentPostprocessing = 0;
		};
/* End PBXSourcesBuildPhase section */

/* Begin PBXTargetDependency section */
		7B832F912A0CF85900EC3755 /* PBXTargetDependency */ = {
			isa = PBXTargetDependency;
			target = 7B832F782A0CF85600EC3755 /* HeaderView */;
			targetProxy = 7B832F902A0CF85900EC3755 /* PBXContainerItemProxy */;
		};
		7B832F9B2A0CF85900EC3755 /* PBXTargetDependency */ = {
			isa = PBXTargetDependency;
			target = 7B832F782A0CF85600EC3755 /* HeaderView */;
			targetProxy = 7B832F9A2A0CF85900EC3755 /* PBXContainerItemProxy */;
		};
/* End PBXTargetDependency section */

/* Begin XCBuildConfiguration section */
		7B832FA12A0CF85900EC3755 /* Debug */ = {
			isa = XCBuildConfiguration;
			buildSettings = {
				ALWAYS_SEARCH_USER_PATHS = NO;
				CLANG_ANALYZER_NONNULL = YES;
				CLANG_ANALYZER_NUMBER_OBJECT_CONVERSION = YES_AGGRESSIVE;
				CLANG_CXX_LANGUAGE_STANDARD = "gnu++20";
				CLANG_ENABLE_MODULES = YES;
				CLANG_ENABLE_OBJC_ARC = YES;
				CLANG_ENABLE_OBJC_WEAK = YES;
				CLANG_WARN_BLOCK_CAPTURE_AUTORELEASING = YES;
				CLANG_WARN_BOOL_CONVERSION = YES;
				CLANG_WARN_COMMA = YES;
				CLANG_WARN_CONSTANT_CONVERSION = YES;
				CLANG_WARN_DEPRECATED_OBJC_IMPLEMENTATIONS = YES;
				CLANG_WARN_DIRECT_OBJC_ISA_USAGE = YES_ERROR;
				CLANG_WARN_DOCUMENTATION_COMMENTS = YES;
				CLANG_WARN_EMPTY_BODY = YES;
				CLANG_WARN_ENUM_CONVERSION = YES;
				CLANG_WARN_INFINITE_RECURSION = YES;
				CLANG_WARN_INT_CONVERSION = YES;
				CLANG_WARN_NON_LITERAL_NULL_CONVERSION = YES;
				CLANG_WARN_OBJC_IMPLICIT_RETAIN_SELF = YES;
				CLANG_WARN_OBJC_LITERAL_CONVERSION = YES;
				CLANG_WARN_OBJC_ROOT_CLASS = YES_ERROR;
				CLANG_WARN_QUOTED_INCLUDE_IN_FRAMEWORK_HEADER = YES;
				CLANG_WARN_RANGE_LOOP_ANALYSIS = YES;
				CLANG_WARN_STRICT_PROTOTYPES = YES;
				CLANG_WARN_SUSPICIOUS_MOVE = YES;
				CLANG_WARN_UNGUARDED_AVAILABILITY = YES_AGGRESSIVE;
				CLANG_WARN_UNREACHABLE_CODE = YES;
				CLANG_WARN__DUPLICATE_METHOD_MATCH = YES;
				COPY_PHASE_STRIP = NO;
				DEBUG_INFORMATION_FORMAT = dwarf;
				ENABLE_STRICT_OBJC_MSGSEND = YES;
				ENABLE_TESTABILITY = YES;
				GCC_C_LANGUAGE_STANDARD = gnu11;
				GCC_DYNAMIC_NO_PIC = NO;
				GCC_NO_COMMON_BLOCKS = YES;
				GCC_OPTIMIZATION_LEVEL = 0;
				GCC_PREPROCESSOR_DEFINITIONS = (
					"DEBUG=1",
					"$(inherited)",
				);
				GCC_WARN_64_TO_32_BIT_CONVERSION = YES;
				GCC_WARN_ABOUT_RETURN_TYPE = YES_ERROR;
				GCC_WARN_UNDECLARED_SELECTOR = YES;
				GCC_WARN_UNINITIALIZED_AUTOS = YES_AGGRESSIVE;
				GCC_WARN_UNUSED_FUNCTION = YES;
				GCC_WARN_UNUSED_VARIABLE = YES;
				IPHONEOS_DEPLOYMENT_TARGET = 16.4;
				MTL_ENABLE_DEBUG_INFO = INCLUDE_SOURCE;
				MTL_FAST_MATH = YES;
				ONLY_ACTIVE_ARCH = YES;
				SDKROOT = iphoneos;
				SWIFT_ACTIVE_COMPILATION_CONDITIONS = DEBUG;
				SWIFT_OPTIMIZATION_LEVEL = "-Onone";
			};
			name = Debug;
		};
		7B832FA22A0CF85900EC3755 /* Release */ = {
			isa = XCBuildConfiguration;
			buildSettings = {
				ALWAYS_SEARCH_USER_PATHS = NO;
				CLANG_ANALYZER_NONNULL = YES;
				CLANG_ANALYZER_NUMBER_OBJECT_CONVERSION = YES_AGGRESSIVE;
				CLANG_CXX_LANGUAGE_STANDARD = "gnu++20";
				CLANG_ENABLE_MODULES = YES;
				CLANG_ENABLE_OBJC_ARC = YES;
				CLANG_ENABLE_OBJC_WEAK = YES;
				CLANG_WARN_BLOCK_CAPTURE_AUTORELEASING = YES;
				CLANG_WARN_BOOL_CONVERSION = YES;
				CLANG_WARN_COMMA = YES;
				CLANG_WARN_CONSTANT_CONVERSION = YES;
				CLANG_WARN_DEPRECATED_OBJC_IMPLEMENTATIONS = YES;
				CLANG_WARN_DIRECT_OBJC_ISA_USAGE = YES_ERROR;
				CLANG_WARN_DOCUMENTATION_COMMENTS = YES;
				CLANG_WARN_EMPTY_BODY = YES;
				CLANG_WARN_ENUM_CONVERSION = YES;
				CLANG_WARN_INFINITE_RECURSION = YES;
				CLANG_WARN_INT_CONVERSION = YES;
				CLANG_WARN_NON_LITERAL_NULL_CONVERSION = YES;
				CLANG_WARN_OBJC_IMPLICIT_RETAIN_SELF = YES;
				CLANG_WARN_OBJC_LITERAL_CONVERSION = YES;
				CLANG_WARN_OBJC_ROOT_CLASS = YES_ERROR;
				CLANG_WARN_QUOTED_INCLUDE_IN_FRAMEWORK_HEADER = YES;
				CLANG_WARN_RANGE_LOOP_ANALYSIS = YES;
				CLANG_WARN_STRICT_PROTOTYPES = YES;
				CLANG_WARN_SUSPICIOUS_MOVE = YES;
				CLANG_WARN_UNGUARDED_AVAILABILITY = YES_AGGRESSIVE;
				CLANG_WARN_UNREACHABLE_CODE = YES;
				CLANG_WARN__DUPLICATE_METHOD_MATCH = YES;
				COPY_PHASE_STRIP = NO;
				DEBUG_INFORMATION_FORMAT = "dwarf-with-dsym";
				ENABLE_NS_ASSERTIONS = NO;
				ENABLE_STRICT_OBJC_MSGSEND = YES;
				GCC_C_LANGUAGE_STANDARD = gnu11;
				GCC_NO_COMMON_BLOCKS = YES;
				GCC_WARN_64_TO_32_BIT_CONVERSION = YES;
				GCC_WARN_ABOUT_RETURN_TYPE = YES_ERROR;
				GCC_WARN_UNDECLARED_SELECTOR = YES;
				GCC_WARN_UNINITIALIZED_AUTOS = YES_AGGRESSIVE;
				GCC_WARN_UNUSED_FUNCTION = YES;
				GCC_WARN_UNUSED_VARIABLE = YES;
				IPHONEOS_DEPLOYMENT_TARGET = 16.4;
				MTL_ENABLE_DEBUG_INFO = NO;
				MTL_FAST_MATH = YES;
				SDKROOT = iphoneos;
				SWIFT_COMPILATION_MODE = wholemodule;
				SWIFT_OPTIMIZATION_LEVEL = "-O";
				VALIDATE_PRODUCT = YES;
			};
			name = Release;
		};
		7B832FA42A0CF85900EC3755 /* Debug */ = {
			isa = XCBuildConfiguration;
			buildSettings = {
				ASSETCATALOG_COMPILER_APPICON_NAME = AppIcon;
				ASSETCATALOG_COMPILER_GLOBAL_ACCENT_COLOR_NAME = AccentColor;
				CODE_SIGN_STYLE = Automatic;
				CURRENT_PROJECT_VERSION = 1;
				GENERATE_INFOPLIST_FILE = YES;
				INFOPLIST_FILE = HeaderView/Info.plist;
				INFOPLIST_KEY_UIApplicationSupportsIndirectInputEvents = YES;
				INFOPLIST_KEY_UILaunchStoryboardName = LaunchScreen;
				INFOPLIST_KEY_UISupportedInterfaceOrientations_iPad = "UIInterfaceOrientationPortrait UIInterfaceOrientationPortraitUpsideDown UIInterfaceOrientationLandscapeLeft UIInterfaceOrientationLandscapeRight";
				INFOPLIST_KEY_UISupportedInterfaceOrientations_iPhone = "UIInterfaceOrientationPortrait UIInterfaceOrientationLandscapeLeft UIInterfaceOrientationLandscapeRight";
				LD_RUNPATH_SEARCH_PATHS = (
					"$(inherited)",
					"@executable_path/Frameworks",
				);
				MARKETING_VERSION = 1.0;
				PRODUCT_BUNDLE_IDENTIFIER = com.muhamad.HeaderView;
				PRODUCT_NAME = "$(TARGET_NAME)";
				SWIFT_EMIT_LOC_STRINGS = YES;
				SWIFT_VERSION = 5.0;
				TARGETED_DEVICE_FAMILY = "1,2";
			};
			name = Debug;
		};
		7B832FA52A0CF85900EC3755 /* Release */ = {
			isa = XCBuildConfiguration;
			buildSettings = {
				ASSETCATALOG_COMPILER_APPICON_NAME = AppIcon;
				ASSETCATALOG_COMPILER_GLOBAL_ACCENT_COLOR_NAME = AccentColor;
				CODE_SIGN_STYLE = Automatic;
				CURRENT_PROJECT_VERSION = 1;
				GENERATE_INFOPLIST_FILE = YES;
				INFOPLIST_FILE = HeaderView/Info.plist;
				INFOPLIST_KEY_UIApplicationSupportsIndirectInputEvents = YES;
				INFOPLIST_KEY_UILaunchStoryboardName = LaunchScreen;
				INFOPLIST_KEY_UISupportedInterfaceOrientations_iPad = "UIInterfaceOrientationPortrait UIInterfaceOrientationPortraitUpsideDown UIInterfaceOrientationLandscapeLeft UIInterfaceOrientationLandscapeRight";
				INFOPLIST_KEY_UISupportedInterfaceOrientations_iPhone = "UIInterfaceOrientationPortrait UIInterfaceOrientationLandscapeLeft UIInterfaceOrientationLandscapeRight";
				LD_RUNPATH_SEARCH_PATHS = (
					"$(inherited)",
					"@executable_path/Frameworks",
				);
				MARKETING_VERSION = 1.0;
				PRODUCT_BUNDLE_IDENTIFIER = com.muhamad.HeaderView;
				PRODUCT_NAME = "$(TARGET_NAME)";
				SWIFT_EMIT_LOC_STRINGS = YES;
				SWIFT_VERSION = 5.0;
				TARGETED_DEVICE_FAMILY = "1,2";
			};
			name = Release;
		};
		7B832FA72A0CF85900EC3755 /* Debug */ = {
			isa = XCBuildConfiguration;
			buildSettings = {
				ALWAYS_EMBED_SWIFT_STANDARD_LIBRARIES = YES;
				BUNDLE_LOADER = "$(TEST_HOST)";
				CODE_SIGN_STYLE = Automatic;
				CURRENT_PROJECT_VERSION = 1;
				GENERATE_INFOPLIST_FILE = YES;
				IPHONEOS_DEPLOYMENT_TARGET = 16.4;
				MARKETING_VERSION = 1.0;
				PRODUCT_BUNDLE_IDENTIFIER = com.muhamad.HeaderViewTests;
				PRODUCT_NAME = "$(TARGET_NAME)";
				SWIFT_EMIT_LOC_STRINGS = NO;
				SWIFT_VERSION = 5.0;
				TARGETED_DEVICE_FAMILY = "1,2";
				TEST_HOST = "$(BUILT_PRODUCTS_DIR)/HeaderView.app/$(BUNDLE_EXECUTABLE_FOLDER_PATH)/HeaderView";
			};
			name = Debug;
		};
		7B832FA82A0CF85900EC3755 /* Release */ = {
			isa = XCBuildConfiguration;
			buildSettings = {
				ALWAYS_EMBED_SWIFT_STANDARD_LIBRARIES = YES;
				BUNDLE_LOADER = "$(TEST_HOST)";
				CODE_SIGN_STYLE = Automatic;
				CURRENT_PROJECT_VERSION = 1;
				GENERATE_INFOPLIST_FILE = YES;
				IPHONEOS_DEPLOYMENT_TARGET = 16.4;
				MARKETING_VERSION = 1.0;
				PRODUCT_BUNDLE_IDENTIFIER = com.muhamad.HeaderViewTests;
				PRODUCT_NAME = "$(TARGET_NAME)";
				SWIFT_EMIT_LOC_STRINGS = NO;
				SWIFT_VERSION = 5.0;
				TARGETED_DEVICE_FAMILY = "1,2";
				TEST_HOST = "$(BUILT_PRODUCTS_DIR)/HeaderView.app/$(BUNDLE_EXECUTABLE_FOLDER_PATH)/HeaderView";
			};
			name = Release;
		};
		7B832FAA2A0CF85900EC3755 /* Debug */ = {
			isa = XCBuildConfiguration;
			buildSettings = {
				ALWAYS_EMBED_SWIFT_STANDARD_LIBRARIES = YES;
				CODE_SIGN_STYLE = Automatic;
				CURRENT_PROJECT_VERSION = 1;
				GENERATE_INFOPLIST_FILE = YES;
				MARKETING_VERSION = 1.0;
				PRODUCT_BUNDLE_IDENTIFIER = com.muhamad.HeaderViewUITests;
				PRODUCT_NAME = "$(TARGET_NAME)";
				SWIFT_EMIT_LOC_STRINGS = NO;
				SWIFT_VERSION = 5.0;
				TARGETED_DEVICE_FAMILY = "1,2";
				TEST_TARGET_NAME = HeaderView;
			};
			name = Debug;
		};
		7B832FAB2A0CF85900EC3755 /* Release */ = {
			isa = XCBuildConfiguration;
			buildSettings = {
				ALWAYS_EMBED_SWIFT_STANDARD_LIBRARIES = YES;
				CODE_SIGN_STYLE = Automatic;
				CURRENT_PROJECT_VERSION = 1;
				GENERATE_INFOPLIST_FILE = YES;
				MARKETING_VERSION = 1.0;
				PRODUCT_BUNDLE_IDENTIFIER = com.muhamad.HeaderViewUITests;
				PRODUCT_NAME = "$(TARGET_NAME)";
				SWIFT_EMIT_LOC_STRINGS = NO;
				SWIFT_VERSION = 5.0;
				TARGETED_DEVICE_FAMILY = "1,2";
				TEST_TARGET_NAME = HeaderView;
			};
			name = Release;
		};
/* End XCBuildConfiguration section */

/* Begin XCConfigurationList section */
		7B832F742A0CF85600EC3755 /* Build configuration list for PBXProject "HeaderView" */ = {
			isa = XCConfigurationList;
			buildConfigurations = (
				7B832FA12A0CF85900EC3755 /* Debug */,
				7B832FA22A0CF85900EC3755 /* Release */,
			);
			defaultConfigurationIsVisible = 0;
			defaultConfigurationName = Release;
		};
		7B832FA32A0CF85900EC3755 /* Build configuration list for PBXNativeTarget "HeaderView" */ = {
			isa = XCConfigurationList;
			buildConfigurations = (
				7B832FA42A0CF85900EC3755 /* Debug */,
				7B832FA52A0CF85900EC3755 /* Release */,
			);
			defaultConfigurationIsVisible = 0;
			defaultConfigurationName = Release;
		};
		7B832FA62A0CF85900EC3755 /* Build configuration list for PBXNativeTarget "HeaderViewTests" */ = {
			isa = XCConfigurationList;
			buildConfigurations = (
				7B832FA72A0CF85900EC3755 /* Debug */,
				7B832FA82A0CF85900EC3755 /* Release */,
			);
			defaultConfigurationIsVisible = 0;
			defaultConfigurationName = Release;
		};
		7B832FA92A0CF85900EC3755 /* Build configuration list for PBXNativeTarget "HeaderViewUITests" */ = {
			isa = XCConfigurationList;
			buildConfigurations = (
				7B832FAA2A0CF85900EC3755 /* Debug */,
				7B832FAB2A0CF85900EC3755 /* Release */,
			);
			defaultConfigurationIsVisible = 0;
			defaultConfigurationName = Release;
		};
/* End XCConfigurationList section */
	};
	rootObject = 7B832F712A0CF85600EC3755 /* Project object */;
}
